
Microsoft Visual Studio Solution File, Format Version 12.00
# Visual Studio Version 16
VisualStudioVersion = 16.0.29306.81
MinimumVisualStudioVersion = 10.0.40219.1
Project("{FAE04EC0-301F-11D3-BF4B-00C04F79EFBC}") = "MicroOrms", "MicroOrms\MicroOrms.csproj", "{8F64F8CB-9810-485D-9478-7BA2F3FD8D9C}"
EndProject
Project("{FAE04EC0-301F-11D3-BF4B-00C04F79EFBC}") = "MicroOrms.Dapper", "MicroOrms.Dapper\MicroOrms.Dapper.csproj", "{36CCC191-E3CE-4C59-AAED-8FEDA8B44DB4}"
EndProject
Project("{FAE04EC0-301F-11D3-BF4B-00C04F79EFBC}") = "MicroOrms.User", "MicroOrms.User\MicroOrms.User.csproj", "{750F59B9-1771-44F4-878E-2016765D8929}"
EndProject
Project("{2150E333-8FDC-42A3-9474-1A3956D46DE8}") = "Scripts", "Scripts", "{5EB8E7CE-35F3-4AAF-B06B-6BE9FB25ED66}"
	ProjectSection(SolutionItems) = preProject
		CreateTodoDatabase.sql = CreateTodoDatabase.sql
		CreateTodoItemTable.sql = CreateTodoItemTable.sql
		CreateUserTable.sql = CreateUserTable.sql
		InsertIntoUserTable.sql = InsertIntoUserTable.sql
	EndProjectSection
EndProject
Project("{FAE04EC0-301F-11D3-BF4B-00C04F79EFBC}") = "MicroOrms.AdoNet", "MicroOrms.AdoNet\MicroOrms.AdoNet.csproj", "{21E669A6-2D52-4E2D-9B3F-BC1FB90A2735}"
EndProject
Global
	GlobalSection(SolutionConfigurationPlatforms) = preSolution
		Debug|Any CPU = Debug|Any CPU
		Release|Any CPU = Release|Any CPU
	EndGlobalSection
	GlobalSection(ProjectConfigurationPlatforms) = postSolution
		{8F64F8CB-9810-485D-9478-7BA2F3FD8D9C}.Debug|Any CPU.ActiveCfg = Debug|Any CPU
		{8F64F8CB-9810-485D-9478-7BA2F3FD8D9C}.Debug|Any CPU.Build.0 = Debug|Any CPU
		{8F64F8CB-9810-485D-9478-7BA2F3FD8D9C}.Release|Any CPU.ActiveCfg = Release|Any CPU
		{8F64F8CB-9810-485D-9478-7BA2F3FD8D9C}.Release|Any CPU.Build.0 = Release|Any CPU
		{36CCC191-E3CE-4C59-AAED-8FEDA8B44DB4}.Debug|Any CPU.ActiveCfg = Debug|Any CPU
		{36CCC191-E3CE-4C59-AAED-8FEDA8B44DB4}.Debug|Any CPU.Build.0 = Debug|Any CPU
		{36CCC191-E3CE-4C59-AAED-8FEDA8B44DB4}.Release|Any CPU.ActiveCfg = Release|Any CPU
		{36CCC191-E3CE-4C59-AAED-8FEDA8B44DB4}.Release|Any CPU.Build.0 = Release|Any CPU
		{750F59B9-1771-44F4-878E-2016765D8929}.Debug|Any CPU.ActiveCfg = Debug|Any CPU
		{750F59B9-1771-44F4-878E-2016765D8929}.Debug|Any CPU.Build.0 = Debug|Any CPU
		{750F59B9-1771-44F4-878E-2016765D8929}.Release|Any CPU.ActiveCfg = Release|Any CPU
		{750F59B9-1771-44F4-878E-2016765D8929}.Release|Any CPU.Build.0 = Release|Any CPU
		{21E669A6-2D52-4E2D-9B3F-BC1FB90A2735}.Debug|Any CPU.ActiveCfg = Debug|Any CPU
		{21E669A6-2D52-4E2D-9B3F-BC1FB90A2735}.Debug|Any CPU.Build.0 = Debug|Any CPU
		{21E669A6-2D52-4E2D-9B3F-BC1FB90A2735}.Release|Any CPU.ActiveCfg = Release|Any CPU
		{21E669A6-2D52-4E2D-9B3F-BC1FB90A2735}.Release|Any CPU.Build.0 = Release|Any CPU
	EndGlobalSection
	GlobalSection(SolutionProperties) = preSolution
		HideSolutionNode = FALSE
	EndGlobalSection
	GlobalSection(ExtensibilityGlobals) = postSolution
		SolutionGuid = {A6BDCD96-4CF5-4198-A098-0CAF3144DD9B}
	EndGlobalSection
EndGlobal
